{
  "name": "jaksel-language-support",
  "version": "0.0.1",
  "lockfileVersion": 2,
  "requires": true,
  "packages": {
    "": {
      "name": "jaksel-language-support",
      "version": "0.0.1",
      "devDependencies": {
        "@types/vscode": "^1.72.0"
      },
      "engines": {
        "vscode": "^1.72.0"
      }
    },
    "node_modules/@types/vscode": {
      "version": "1.72.0",
      "resolved": "https://registry.npmjs.org/@types/vscode/-/vscode-1.72.0.tgz",
      "integrity": "sha512-WvHluhUo+lQvE3I4wUagRpnkHuysB4qSyOQUyIAS9n9PYMJjepzTUD8Jyks0YeXoPD0UGctjqp2u84/b3v6Ydw==",
      "dev": true
    }
  },
  "dependencies": {
    "@types/vscode": {
      "version": "1.72.0",
      "resolved": "https://registry.npmjs.org/@types/vscode/-/vscode-1.72.0.tgz",
      "integrity": "sha512-WvHluhUo+lQvE3I4wUagRpnkHuysB4qSyOQUyIAS9n9PYMJjepzTUD8Jyks0YeXoPD0UGctjqp2u84/b3v6Ydw==",
      "dev": true
    }
  }
}
